
Microsoft Visual Studio Solution File, Format Version 12.00
# Visual Studio Version 17
VisualStudioVersion = 17.4.33122.133
MinimumVisualStudioVersion = 10.0.40219.1
Project("{FAE04EC0-301F-11D3-BF4B-00C04F79EFBC}") = "R52_M5_Class_05_Work_01", "R52_M5_Class_05_Work_01\R52_M5_Class_05_Work_01.csproj", "{1AFBB305-30F9-4AD9-AF4B-828F7113BCEB}"
EndProject
Global
	GlobalSection(SolutionConfigurationPlatforms) = preSolution
		Debug|Any CPU = Debug|Any CPU
		Release|Any CPU = Release|Any CPU
	EndGlobalSection
	GlobalSection(ProjectConfigurationPlatforms) = postSolution
		{1AFBB305-30F9-4AD9-AF4B-828F7113BCEB}.Debug|Any CPU.ActiveCfg = Debug|Any CPU
		{1AFBB305-30F9-4AD9-AF4B-828F7113BCEB}.Debug|Any CPU.Build.0 = Debug|Any CPU
		{1AFBB305-30F9-4AD9-AF4B-828F7113BCEB}.Release|Any CPU.ActiveCfg = Release|Any CPU
		{1AFBB305-30F9-4AD9-AF4B-828F7113BCEB}.Release|Any CPU.Build.0 = Release|Any CPU
	EndGlobalSection
	GlobalSection(SolutionProperties) = preSolution
		HideSolutionNode = FALSE
	EndGlobalSection
	GlobalSection(ExtensibilityGlobals) = postSolution
		SolutionGuid = {F4BE9A8E-C30F-455F-9BD3-297E1F4144B5}
	EndGlobalSection
EndGlobal
