
Microsoft Visual Studio Solution File, Format Version 12.00
# Visual Studio Version 17
VisualStudioVersion = 17.4.33205.214
MinimumVisualStudioVersion = 10.0.40219.1
Project("{FAE04EC0-301F-11D3-BF4B-00C04F79EFBC}") = "R52_M6_Class_04_Work_01", "R52_M6_Class_04_Work_01\R52_M6_Class_04_Work_01.csproj", "{9B8A6B8F-9666-4310-A677-409B097EC336}"
EndProject
Global
	GlobalSection(SolutionConfigurationPlatforms) = preSolution
		Debug|Any CPU = Debug|Any CPU
		Release|Any CPU = Release|Any CPU
	EndGlobalSection
	GlobalSection(ProjectConfigurationPlatforms) = postSolution
		{9B8A6B8F-9666-4310-A677-409B097EC336}.Debug|Any CPU.ActiveCfg = Debug|Any CPU
		{9B8A6B8F-9666-4310-A677-409B097EC336}.Debug|Any CPU.Build.0 = Debug|Any CPU
		{9B8A6B8F-9666-4310-A677-409B097EC336}.Release|Any CPU.ActiveCfg = Release|Any CPU
		{9B8A6B8F-9666-4310-A677-409B097EC336}.Release|Any CPU.Build.0 = Release|Any CPU
	EndGlobalSection
	GlobalSection(SolutionProperties) = preSolution
		HideSolutionNode = FALSE
	EndGlobalSection
	GlobalSection(ExtensibilityGlobals) = postSolution
		SolutionGuid = {CDE847E4-9745-4850-A1B2-A5F76EA7D532}
	EndGlobalSection
EndGlobal
