
Microsoft Visual Studio Solution File, Format Version 12.00
# Visual Studio Version 17
VisualStudioVersion = 17.4.33205.214
MinimumVisualStudioVersion = 10.0.40219.1
Project("{FAE04EC0-301F-11D3-BF4B-00C04F79EFBC}") = "R52_M6_Class_01_Work_01", "R52_M6_Class_01_Work_01\R52_M6_Class_01_Work_01.csproj", "{5C76440B-1572-40BE-A654-F066F2907459}"
EndProject
Global
	GlobalSection(SolutionConfigurationPlatforms) = preSolution
		Debug|Any CPU = Debug|Any CPU
		Release|Any CPU = Release|Any CPU
	EndGlobalSection
	GlobalSection(ProjectConfigurationPlatforms) = postSolution
		{5C76440B-1572-40BE-A654-F066F2907459}.Debug|Any CPU.ActiveCfg = Debug|Any CPU
		{5C76440B-1572-40BE-A654-F066F2907459}.Debug|Any CPU.Build.0 = Debug|Any CPU
		{5C76440B-1572-40BE-A654-F066F2907459}.Release|Any CPU.ActiveCfg = Release|Any CPU
		{5C76440B-1572-40BE-A654-F066F2907459}.Release|Any CPU.Build.0 = Release|Any CPU
	EndGlobalSection
	GlobalSection(SolutionProperties) = preSolution
		HideSolutionNode = FALSE
	EndGlobalSection
	GlobalSection(ExtensibilityGlobals) = postSolution
		SolutionGuid = {638ACD98-159E-473C-8681-112BAE79000A}
	EndGlobalSection
EndGlobal
