
Microsoft Visual Studio Solution File, Format Version 12.00
# Visual Studio Version 17
VisualStudioVersion = 17.4.33205.214
MinimumVisualStudioVersion = 10.0.40219.1
Project("{FAE04EC0-301F-11D3-BF4B-00C04F79EFBC}") = "R52_M6_Class_02_Work_01", "R52_M6_Class_02_Work_01\R52_M6_Class_02_Work_01.csproj", "{1C3D9612-356E-475C-8816-1D58A2EFB1AA}"
EndProject
Global
	GlobalSection(SolutionConfigurationPlatforms) = preSolution
		Debug|Any CPU = Debug|Any CPU
		Release|Any CPU = Release|Any CPU
	EndGlobalSection
	GlobalSection(ProjectConfigurationPlatforms) = postSolution
		{1C3D9612-356E-475C-8816-1D58A2EFB1AA}.Debug|Any CPU.ActiveCfg = Debug|Any CPU
		{1C3D9612-356E-475C-8816-1D58A2EFB1AA}.Debug|Any CPU.Build.0 = Debug|Any CPU
		{1C3D9612-356E-475C-8816-1D58A2EFB1AA}.Release|Any CPU.ActiveCfg = Release|Any CPU
		{1C3D9612-356E-475C-8816-1D58A2EFB1AA}.Release|Any CPU.Build.0 = Release|Any CPU
	EndGlobalSection
	GlobalSection(SolutionProperties) = preSolution
		HideSolutionNode = FALSE
	EndGlobalSection
	GlobalSection(ExtensibilityGlobals) = postSolution
		SolutionGuid = {0B8C5D43-59B7-4394-922F-97EA0F79AD1F}
	EndGlobalSection
EndGlobal
