
Microsoft Visual Studio Solution File, Format Version 12.00
# Visual Studio Version 17
VisualStudioVersion = 17.4.33110.190
MinimumVisualStudioVersion = 10.0.40219.1
Project("{FAE04EC0-301F-11D3-BF4B-00C04F79EFBC}") = "M52_Class_01_Work_01", "M52_Class_01_Work_01\M52_Class_01_Work_01.csproj", "{2DE7446F-4DDC-482C-96CD-14F72ABF6C62}"
EndProject
Global
	GlobalSection(SolutionConfigurationPlatforms) = preSolution
		Debug|Any CPU = Debug|Any CPU
		Release|Any CPU = Release|Any CPU
	EndGlobalSection
	GlobalSection(ProjectConfigurationPlatforms) = postSolution
		{2DE7446F-4DDC-482C-96CD-14F72ABF6C62}.Debug|Any CPU.ActiveCfg = Debug|Any CPU
		{2DE7446F-4DDC-482C-96CD-14F72ABF6C62}.Debug|Any CPU.Build.0 = Debug|Any CPU
		{2DE7446F-4DDC-482C-96CD-14F72ABF6C62}.Release|Any CPU.ActiveCfg = Release|Any CPU
		{2DE7446F-4DDC-482C-96CD-14F72ABF6C62}.Release|Any CPU.Build.0 = Release|Any CPU
	EndGlobalSection
	GlobalSection(SolutionProperties) = preSolution
		HideSolutionNode = FALSE
	EndGlobalSection
	GlobalSection(ExtensibilityGlobals) = postSolution
		SolutionGuid = {E852B27D-3BE6-4870-898D-20730230B130}
	EndGlobalSection
EndGlobal
