
Microsoft Visual Studio Solution File, Format Version 12.00
# Visual Studio Version 17
VisualStudioVersion = 17.4.33122.133
MinimumVisualStudioVersion = 10.0.40219.1
Project("{FAE04EC0-301F-11D3-BF4B-00C04F79EFBC}") = "R52_M5_Class_03_Work_01", "R52_M5_Class_03_Work_01\R52_M5_Class_03_Work_01.csproj", "{F421B67D-6CD7-44A3-95C4-338277F25EFE}"
EndProject
Project("{FAE04EC0-301F-11D3-BF4B-00C04F79EFBC}") = "R52_M5_Class_03_Work_02", "R52_M5_Class_03_Work_02\R52_M5_Class_03_Work_02.csproj", "{CC8266DE-BC84-4183-AC75-6C450E8C0887}"
EndProject
Global
	GlobalSection(SolutionConfigurationPlatforms) = preSolution
		Debug|Any CPU = Debug|Any CPU
		Release|Any CPU = Release|Any CPU
	EndGlobalSection
	GlobalSection(ProjectConfigurationPlatforms) = postSolution
		{F421B67D-6CD7-44A3-95C4-338277F25EFE}.Debug|Any CPU.ActiveCfg = Debug|Any CPU
		{F421B67D-6CD7-44A3-95C4-338277F25EFE}.Debug|Any CPU.Build.0 = Debug|Any CPU
		{F421B67D-6CD7-44A3-95C4-338277F25EFE}.Release|Any CPU.ActiveCfg = Release|Any CPU
		{F421B67D-6CD7-44A3-95C4-338277F25EFE}.Release|Any CPU.Build.0 = Release|Any CPU
		{CC8266DE-BC84-4183-AC75-6C450E8C0887}.Debug|Any CPU.ActiveCfg = Debug|Any CPU
		{CC8266DE-BC84-4183-AC75-6C450E8C0887}.Debug|Any CPU.Build.0 = Debug|Any CPU
		{CC8266DE-BC84-4183-AC75-6C450E8C0887}.Release|Any CPU.ActiveCfg = Release|Any CPU
		{CC8266DE-BC84-4183-AC75-6C450E8C0887}.Release|Any CPU.Build.0 = Release|Any CPU
	EndGlobalSection
	GlobalSection(SolutionProperties) = preSolution
		HideSolutionNode = FALSE
	EndGlobalSection
	GlobalSection(ExtensibilityGlobals) = postSolution
		SolutionGuid = {83D99B5F-93E5-4E29-8E24-7231BBC3B5E4}
	EndGlobalSection
EndGlobal
